
Microsoft Visual Studio Solution File, Format Version 12.00
# Visual Studio Version 17
VisualStudioVersion = 17.1.32421.90
MinimumVisualStudioVersion = 10.0.40219.1
Project("{FAE04EC0-301F-11D3-BF4B-00C04F79EFBC}") = "AppTarefas.Android", "AppTarefas\AppTarefas.Android\AppTarefas.Android.csproj", "{D48562DF-0998-43CB-BFAE-74898CECFAAA}"
EndProject
Project("{FAE04EC0-301F-11D3-BF4B-00C04F79EFBC}") = "AppTarefas.iOS", "AppTarefas\AppTarefas.iOS\AppTarefas.iOS.csproj", "{CC15632E-70E8-43E9-AFB3-D2428B854158}"
EndProject
Project("{9A19103F-16F7-4668-BE54-9A1E7A4F7556}") = "AppTarefas", "AppTarefas\AppTarefas\AppTarefas.csproj", "{7C331992-2A25-47EA-8F39-BF4645FC8D17}"
EndProject
Project("{2150E333-8FDC-42A3-9474-1A3956D46DE8}") = "MIgration", "MIgration", "{3F73E4FD-F396-4B62-B2D8-D28F62A56F4D}"
EndProject
Project("{FAE04EC0-301F-11D3-BF4B-00C04F79EFBC}") = "AppTarefas.Migration", "Migration\AppTarefasMigration\AppTarefas.Migration.csproj", "{142F19F6-FF79-4FE3-B00C-A768EB51B55F}"
EndProject
Global
	GlobalSection(SolutionConfigurationPlatforms) = preSolution
		Debug|Any CPU = Debug|Any CPU
		Debug|iPhone = Debug|iPhone
		Debug|iPhoneSimulator = Debug|iPhoneSimulator
		Release|Any CPU = Release|Any CPU
		Release|iPhone = Release|iPhone
		Release|iPhoneSimulator = Release|iPhoneSimulator
	EndGlobalSection
	GlobalSection(ProjectConfigurationPlatforms) = postSolution
		{D48562DF-0998-43CB-BFAE-74898CECFAAA}.Debug|Any CPU.ActiveCfg = Debug|Any CPU
		{D48562DF-0998-43CB-BFAE-74898CECFAAA}.Debug|Any CPU.Build.0 = Debug|Any CPU
		{D48562DF-0998-43CB-BFAE-74898CECFAAA}.Debug|Any CPU.Deploy.0 = Debug|Any CPU
		{D48562DF-0998-43CB-BFAE-74898CECFAAA}.Debug|iPhone.ActiveCfg = Debug|Any CPU
		{D48562DF-0998-43CB-BFAE-74898CECFAAA}.Debug|iPhone.Build.0 = Debug|Any CPU
		{D48562DF-0998-43CB-BFAE-74898CECFAAA}.Debug|iPhone.Deploy.0 = Debug|Any CPU
		{D48562DF-0998-43CB-BFAE-74898CECFAAA}.Debug|iPhoneSimulator.ActiveCfg = Debug|Any CPU
		{D48562DF-0998-43CB-BFAE-74898CECFAAA}.Debug|iPhoneSimulator.Build.0 = Debug|Any CPU
		{D48562DF-0998-43CB-BFAE-74898CECFAAA}.Debug|iPhoneSimulator.Deploy.0 = Debug|Any CPU
		{D48562DF-0998-43CB-BFAE-74898CECFAAA}.Release|Any CPU.ActiveCfg = Release|Any CPU
		{D48562DF-0998-43CB-BFAE-74898CECFAAA}.Release|Any CPU.Build.0 = Release|Any CPU
		{D48562DF-0998-43CB-BFAE-74898CECFAAA}.Release|Any CPU.Deploy.0 = Release|Any CPU
		{D48562DF-0998-43CB-BFAE-74898CECFAAA}.Release|iPhone.ActiveCfg = Release|Any CPU
		{D48562DF-0998-43CB-BFAE-74898CECFAAA}.Release|iPhone.Build.0 = Release|Any CPU
		{D48562DF-0998-43CB-BFAE-74898CECFAAA}.Release|iPhone.Deploy.0 = Release|Any CPU
		{D48562DF-0998-43CB-BFAE-74898CECFAAA}.Release|iPhoneSimulator.ActiveCfg = Release|Any CPU
		{D48562DF-0998-43CB-BFAE-74898CECFAAA}.Release|iPhoneSimulator.Build.0 = Release|Any CPU
		{D48562DF-0998-43CB-BFAE-74898CECFAAA}.Release|iPhoneSimulator.Deploy.0 = Release|Any CPU
		{CC15632E-70E8-43E9-AFB3-D2428B854158}.Debug|Any CPU.ActiveCfg = Debug|iPhone
		{CC15632E-70E8-43E9-AFB3-D2428B854158}.Debug|Any CPU.Build.0 = Debug|iPhone
		{CC15632E-70E8-43E9-AFB3-D2428B854158}.Debug|Any CPU.Deploy.0 = Debug|iPhone
		{CC15632E-70E8-43E9-AFB3-D2428B854158}.Debug|iPhone.ActiveCfg = Debug|iPhone
		{CC15632E-70E8-43E9-AFB3-D2428B854158}.Debug|iPhone.Build.0 = Debug|iPhone
		{CC15632E-70E8-43E9-AFB3-D2428B854158}.Debug|iPhone.Deploy.0 = Debug|iPhone
		{CC15632E-70E8-43E9-AFB3-D2428B854158}.Debug|iPhoneSimulator.ActiveCfg = Debug|iPhoneSimulator
		{CC15632E-70E8-43E9-AFB3-D2428B854158}.Debug|iPhoneSimulator.Build.0 = Debug|iPhoneSimulator
		{CC15632E-70E8-43E9-AFB3-D2428B854158}.Debug|iPhoneSimulator.Deploy.0 = Debug|iPhoneSimulator
		{CC15632E-70E8-43E9-AFB3-D2428B854158}.Release|Any CPU.ActiveCfg = Release|iPhoneSimulator
		{CC15632E-70E8-43E9-AFB3-D2428B854158}.Release|Any CPU.Build.0 = Release|iPhoneSimulator
		{CC15632E-70E8-43E9-AFB3-D2428B854158}.Release|Any CPU.Deploy.0 = Release|iPhoneSimulator
		{CC15632E-70E8-43E9-AFB3-D2428B854158}.Release|iPhone.ActiveCfg = Release|iPhone
		{CC15632E-70E8-43E9-AFB3-D2428B854158}.Release|iPhone.Build.0 = Release|iPhone
		{CC15632E-70E8-43E9-AFB3-D2428B854158}.Release|iPhone.Deploy.0 = Release|iPhone
		{CC15632E-70E8-43E9-AFB3-D2428B854158}.Release|iPhoneSimulator.ActiveCfg = Release|iPhoneSimulator
		{CC15632E-70E8-43E9-AFB3-D2428B854158}.Release|iPhoneSimulator.Build.0 = Release|iPhoneSimulator
		{CC15632E-70E8-43E9-AFB3-D2428B854158}.Release|iPhoneSimulator.Deploy.0 = Release|iPhoneSimulator
		{7C331992-2A25-47EA-8F39-BF4645FC8D17}.Debug|Any CPU.ActiveCfg = Debug|Any CPU
		{7C331992-2A25-47EA-8F39-BF4645FC8D17}.Debug|Any CPU.Build.0 = Debug|Any CPU
		{7C331992-2A25-47EA-8F39-BF4645FC8D17}.Debug|Any CPU.Deploy.0 = Debug|Any CPU
		{7C331992-2A25-47EA-8F39-BF4645FC8D17}.Debug|iPhone.ActiveCfg = Debug|Any CPU
		{7C331992-2A25-47EA-8F39-BF4645FC8D17}.Debug|iPhone.Build.0 = Debug|Any CPU
		{7C331992-2A25-47EA-8F39-BF4645FC8D17}.Debug|iPhone.Deploy.0 = Debug|Any CPU
		{7C331992-2A25-47EA-8F39-BF4645FC8D17}.Debug|iPhoneSimulator.ActiveCfg = Debug|Any CPU
		{7C331992-2A25-47EA-8F39-BF4645FC8D17}.Debug|iPhoneSimulator.Build.0 = Debug|Any CPU
		{7C331992-2A25-47EA-8F39-BF4645FC8D17}.Debug|iPhoneSimulator.Deploy.0 = Debug|Any CPU
		{7C331992-2A25-47EA-8F39-BF4645FC8D17}.Release|Any CPU.ActiveCfg = Release|Any CPU
		{7C331992-2A25-47EA-8F39-BF4645FC8D17}.Release|Any CPU.Build.0 = Release|Any CPU
		{7C331992-2A25-47EA-8F39-BF4645FC8D17}.Release|Any CPU.Deploy.0 = Release|Any CPU
		{7C331992-2A25-47EA-8F39-BF4645FC8D17}.Release|iPhone.ActiveCfg = Release|Any CPU
		{7C331992-2A25-47EA-8F39-BF4645FC8D17}.Release|iPhone.Build.0 = Release|Any CPU
		{7C331992-2A25-47EA-8F39-BF4645FC8D17}.Release|iPhone.Deploy.0 = Release|Any CPU
		{7C331992-2A25-47EA-8F39-BF4645FC8D17}.Release|iPhoneSimulator.ActiveCfg = Release|Any CPU
		{7C331992-2A25-47EA-8F39-BF4645FC8D17}.Release|iPhoneSimulator.Build.0 = Release|Any CPU
		{7C331992-2A25-47EA-8F39-BF4645FC8D17}.Release|iPhoneSimulator.Deploy.0 = Release|Any CPU
		{142F19F6-FF79-4FE3-B00C-A768EB51B55F}.Debug|Any CPU.ActiveCfg = Debug|Any CPU
		{142F19F6-FF79-4FE3-B00C-A768EB51B55F}.Debug|Any CPU.Build.0 = Debug|Any CPU
		{142F19F6-FF79-4FE3-B00C-A768EB51B55F}.Debug|iPhone.ActiveCfg = Debug|Any CPU
		{142F19F6-FF79-4FE3-B00C-A768EB51B55F}.Debug|iPhone.Build.0 = Debug|Any CPU
		{142F19F6-FF79-4FE3-B00C-A768EB51B55F}.Debug|iPhoneSimulator.ActiveCfg = Debug|Any CPU
		{142F19F6-FF79-4FE3-B00C-A768EB51B55F}.Debug|iPhoneSimulator.Build.0 = Debug|Any CPU
		{142F19F6-FF79-4FE3-B00C-A768EB51B55F}.Release|Any CPU.ActiveCfg = Release|Any CPU
		{142F19F6-FF79-4FE3-B00C-A768EB51B55F}.Release|Any CPU.Build.0 = Release|Any CPU
		{142F19F6-FF79-4FE3-B00C-A768EB51B55F}.Release|iPhone.ActiveCfg = Release|Any CPU
		{142F19F6-FF79-4FE3-B00C-A768EB51B55F}.Release|iPhone.Build.0 = Release|Any CPU
		{142F19F6-FF79-4FE3-B00C-A768EB51B55F}.Release|iPhoneSimulator.ActiveCfg = Release|Any CPU
		{142F19F6-FF79-4FE3-B00C-A768EB51B55F}.Release|iPhoneSimulator.Build.0 = Release|Any CPU
	EndGlobalSection
	GlobalSection(SolutionProperties) = preSolution
		HideSolutionNode = FALSE
	EndGlobalSection
	GlobalSection(NestedProjects) = preSolution
		{142F19F6-FF79-4FE3-B00C-A768EB51B55F} = {3F73E4FD-F396-4B62-B2D8-D28F62A56F4D}
	EndGlobalSection
	GlobalSection(ExtensibilityGlobals) = postSolution
		SolutionGuid = {F0D65DBA-E55F-4F88-B7F5-FC0605B57F5C}
	EndGlobalSection
EndGlobal
